
Microsoft Visual Studio Solution File, Format Version 12.00
# Visual Studio Version 16
VisualStudioVersion = 16.0.33801.447
MinimumVisualStudioVersion = 10.0.40219.1
Project("{888888A0-9F3D-457C-B088-3A5042F75D52}") = "lr1_1_chursin", "lr1_1_chursin.pyproj", "{07902A7A-B2E2-4B52-9183-98AD74596152}"
EndProject
Global
	GlobalSection(SolutionConfigurationPlatforms) = preSolution
		Debug|Any CPU = Debug|Any CPU
		Release|Any CPU = Release|Any CPU
	EndGlobalSection
	GlobalSection(ProjectConfigurationPlatforms) = postSolution
		{07902A7A-B2E2-4B52-9183-98AD74596152}.Debug|Any CPU.ActiveCfg = Debug|Any CPU
		{07902A7A-B2E2-4B52-9183-98AD74596152}.Release|Any CPU.ActiveCfg = Release|Any CPU
	EndGlobalSection
	GlobalSection(SolutionProperties) = preSolution
		HideSolutionNode = FALSE
	EndGlobalSection
	GlobalSection(ExtensibilityGlobals) = postSolution
		SolutionGuid = {041C693A-D05F-4814-9784-2E83BC776E5F}
	EndGlobalSection
EndGlobal
